
Microsoft Visual Studio Solution File, Format Version 12.00
# Visual Studio Version 17
VisualStudioVersion = 17.5.33516.290
MinimumVisualStudioVersion = 10.0.40219.1
Project("{FAE04EC0-301F-11D3-BF4B-00C04F79EFBC}") = "BooksApp.Infrastructure", "BooksApp.Infrastructure\BooksApp.Infrastructure.csproj", "{6AE97C84-C124-4781-9920-D777A706FE2E}"
EndProject
Project("{FAE04EC0-301F-11D3-BF4B-00C04F79EFBC}") = "BooksApp.API", "BooksApp.API\BooksApp.API.csproj", "{324EAF36-108A-479A-9C57-3FBE3330540C}"
EndProject
Project("{FAE04EC0-301F-11D3-BF4B-00C04F79EFBC}") = "BooksApp.Application", "BooksApp.Application\BooksApp.Application.csproj", "{C4F3EEEB-BAB7-42D2-8A7D-1990F5C0F5BE}"
EndProject
Global
	GlobalSection(SolutionConfigurationPlatforms) = preSolution
		Debug|Any CPU = Debug|Any CPU
		Release|Any CPU = Release|Any CPU
	EndGlobalSection
	GlobalSection(ProjectConfigurationPlatforms) = postSolution
		{6AE97C84-C124-4781-9920-D777A706FE2E}.Debug|Any CPU.ActiveCfg = Debug|Any CPU
		{6AE97C84-C124-4781-9920-D777A706FE2E}.Debug|Any CPU.Build.0 = Debug|Any CPU
		{6AE97C84-C124-4781-9920-D777A706FE2E}.Release|Any CPU.ActiveCfg = Release|Any CPU
		{6AE97C84-C124-4781-9920-D777A706FE2E}.Release|Any CPU.Build.0 = Release|Any CPU
		{324EAF36-108A-479A-9C57-3FBE3330540C}.Debug|Any CPU.ActiveCfg = Debug|Any CPU
		{324EAF36-108A-479A-9C57-3FBE3330540C}.Debug|Any CPU.Build.0 = Debug|Any CPU
		{324EAF36-108A-479A-9C57-3FBE3330540C}.Release|Any CPU.ActiveCfg = Release|Any CPU
		{324EAF36-108A-479A-9C57-3FBE3330540C}.Release|Any CPU.Build.0 = Release|Any CPU
		{C4F3EEEB-BAB7-42D2-8A7D-1990F5C0F5BE}.Debug|Any CPU.ActiveCfg = Debug|Any CPU
		{C4F3EEEB-BAB7-42D2-8A7D-1990F5C0F5BE}.Debug|Any CPU.Build.0 = Debug|Any CPU
		{C4F3EEEB-BAB7-42D2-8A7D-1990F5C0F5BE}.Release|Any CPU.ActiveCfg = Release|Any CPU
		{C4F3EEEB-BAB7-42D2-8A7D-1990F5C0F5BE}.Release|Any CPU.Build.0 = Release|Any CPU
	EndGlobalSection
	GlobalSection(SolutionProperties) = preSolution
		HideSolutionNode = FALSE
	EndGlobalSection
	GlobalSection(ExtensibilityGlobals) = postSolution
		SolutionGuid = {6AD424D3-5720-4B2A-B3E8-1F0B83B15CD4}
	EndGlobalSection
EndGlobal
