
Microsoft Visual Studio Solution File, Format Version 12.00
# Visual Studio Version 17
VisualStudioVersion = 17.5.33516.290
MinimumVisualStudioVersion = 10.0.40219.1
Project("{9A19103F-16F7-4668-BE54-9A1E7A4F7556}") = "BooksApp.Infrastructure", "BooksApp.Infrastructure\BooksApp.Infrastructure.csproj", "{6AE97C84-C124-4781-9920-D777A706FE2E}"
EndProject
Project("{9A19103F-16F7-4668-BE54-9A1E7A4F7556}") = "BooksApp.API", "BooksApp.API\BooksApp.API.csproj", "{324EAF36-108A-479A-9C57-3FBE3330540C}"
EndProject
Project("{9A19103F-16F7-4668-BE54-9A1E7A4F7556}") = "BooksApp.Application", "BooksApp.Application\BooksApp.Application.csproj", "{C4F3EEEB-BAB7-42D2-8A7D-1990F5C0F5BE}"
EndProject
Project("{2150E333-8FDC-42A3-9474-1A3956D46DE8}") = "Solution Items", "Solution Items", "{C45AF45A-7342-4270-9A18-7AE51DB79F8B}"
	ProjectSection(SolutionItems) = preProject
		guideLine.txt = guideLine.txt
	EndProjectSection
EndProject
Project("{9A19103F-16F7-4668-BE54-9A1E7A4F7556}") = "BooksApp.BusinessLogic", "BooksApp.BusinessLogic\BooksApp.BusinessLogic.csproj", "{04EF0C6D-9A15-48D4-A61F-DF627112CC6B}"
EndProject
Project("{9A19103F-16F7-4668-BE54-9A1E7A4F7556}") = "BooksApp.BusinessDbAccess", "BooksApp.BusinessDbAccess\BooksApp.BusinessDbAccess.csproj", "{6FFAFDD6-4202-4A07-B0E1-BF9491109B45}"
EndProject
Project("{2150E333-8FDC-42A3-9474-1A3956D46DE8}") = "Business Logic", "Business Logic", "{FFD2E754-7A19-41B9-B0CC-3BFC8690CD55}"
EndProject
Project("{9A19103F-16F7-4668-BE54-9A1E7A4F7556}") = "BooksApp.BusinessLogic.ServiceLayer", "BooksApp.BusinessLogic.ServiceLayer\BooksApp.BusinessLogic.ServiceLayer.csproj", "{B1D62705-C1CB-4EC2-B70C-1234DC32A3EC}"
EndProject
Project("{2150E333-8FDC-42A3-9474-1A3956D46DE8}") = "Domains", "Domains", "{1E1BEFDD-5C7E-4E6D-8F3F-BF5ACB572892}"
EndProject
Project("{FAE04EC0-301F-11D3-BF4B-00C04F79EFBC}") = "BooksApp.Domains.Books", "BooksApp.Domains.Books\BooksApp.Domains.Books.csproj", "{756758C5-C437-464F-B86E-90D7D0E3752B}"
EndProject
Global
	GlobalSection(SolutionConfigurationPlatforms) = preSolution
		Debug|Any CPU = Debug|Any CPU
		Release|Any CPU = Release|Any CPU
	EndGlobalSection
	GlobalSection(ProjectConfigurationPlatforms) = postSolution
		{6AE97C84-C124-4781-9920-D777A706FE2E}.Debug|Any CPU.ActiveCfg = Debug|Any CPU
		{6AE97C84-C124-4781-9920-D777A706FE2E}.Debug|Any CPU.Build.0 = Debug|Any CPU
		{6AE97C84-C124-4781-9920-D777A706FE2E}.Release|Any CPU.ActiveCfg = Release|Any CPU
		{6AE97C84-C124-4781-9920-D777A706FE2E}.Release|Any CPU.Build.0 = Release|Any CPU
		{324EAF36-108A-479A-9C57-3FBE3330540C}.Debug|Any CPU.ActiveCfg = Debug|Any CPU
		{324EAF36-108A-479A-9C57-3FBE3330540C}.Debug|Any CPU.Build.0 = Debug|Any CPU
		{324EAF36-108A-479A-9C57-3FBE3330540C}.Release|Any CPU.ActiveCfg = Release|Any CPU
		{324EAF36-108A-479A-9C57-3FBE3330540C}.Release|Any CPU.Build.0 = Release|Any CPU
		{C4F3EEEB-BAB7-42D2-8A7D-1990F5C0F5BE}.Debug|Any CPU.ActiveCfg = Debug|Any CPU
		{C4F3EEEB-BAB7-42D2-8A7D-1990F5C0F5BE}.Debug|Any CPU.Build.0 = Debug|Any CPU
		{C4F3EEEB-BAB7-42D2-8A7D-1990F5C0F5BE}.Release|Any CPU.ActiveCfg = Release|Any CPU
		{C4F3EEEB-BAB7-42D2-8A7D-1990F5C0F5BE}.Release|Any CPU.Build.0 = Release|Any CPU
		{04EF0C6D-9A15-48D4-A61F-DF627112CC6B}.Debug|Any CPU.ActiveCfg = Debug|Any CPU
		{04EF0C6D-9A15-48D4-A61F-DF627112CC6B}.Debug|Any CPU.Build.0 = Debug|Any CPU
		{04EF0C6D-9A15-48D4-A61F-DF627112CC6B}.Release|Any CPU.ActiveCfg = Release|Any CPU
		{04EF0C6D-9A15-48D4-A61F-DF627112CC6B}.Release|Any CPU.Build.0 = Release|Any CPU
		{6FFAFDD6-4202-4A07-B0E1-BF9491109B45}.Debug|Any CPU.ActiveCfg = Debug|Any CPU
		{6FFAFDD6-4202-4A07-B0E1-BF9491109B45}.Debug|Any CPU.Build.0 = Debug|Any CPU
		{6FFAFDD6-4202-4A07-B0E1-BF9491109B45}.Release|Any CPU.ActiveCfg = Release|Any CPU
		{6FFAFDD6-4202-4A07-B0E1-BF9491109B45}.Release|Any CPU.Build.0 = Release|Any CPU
		{B1D62705-C1CB-4EC2-B70C-1234DC32A3EC}.Debug|Any CPU.ActiveCfg = Debug|Any CPU
		{B1D62705-C1CB-4EC2-B70C-1234DC32A3EC}.Debug|Any CPU.Build.0 = Debug|Any CPU
		{B1D62705-C1CB-4EC2-B70C-1234DC32A3EC}.Release|Any CPU.ActiveCfg = Release|Any CPU
		{B1D62705-C1CB-4EC2-B70C-1234DC32A3EC}.Release|Any CPU.Build.0 = Release|Any CPU
		{756758C5-C437-464F-B86E-90D7D0E3752B}.Debug|Any CPU.ActiveCfg = Debug|Any CPU
		{756758C5-C437-464F-B86E-90D7D0E3752B}.Debug|Any CPU.Build.0 = Debug|Any CPU
		{756758C5-C437-464F-B86E-90D7D0E3752B}.Release|Any CPU.ActiveCfg = Release|Any CPU
		{756758C5-C437-464F-B86E-90D7D0E3752B}.Release|Any CPU.Build.0 = Release|Any CPU
	EndGlobalSection
	GlobalSection(SolutionProperties) = preSolution
		HideSolutionNode = FALSE
	EndGlobalSection
	GlobalSection(NestedProjects) = preSolution
		{04EF0C6D-9A15-48D4-A61F-DF627112CC6B} = {FFD2E754-7A19-41B9-B0CC-3BFC8690CD55}
		{6FFAFDD6-4202-4A07-B0E1-BF9491109B45} = {FFD2E754-7A19-41B9-B0CC-3BFC8690CD55}
		{B1D62705-C1CB-4EC2-B70C-1234DC32A3EC} = {FFD2E754-7A19-41B9-B0CC-3BFC8690CD55}
		{756758C5-C437-464F-B86E-90D7D0E3752B} = {1E1BEFDD-5C7E-4E6D-8F3F-BF5ACB572892}
	EndGlobalSection
	GlobalSection(ExtensibilityGlobals) = postSolution
		SolutionGuid = {6AD424D3-5720-4B2A-B3E8-1F0B83B15CD4}
	EndGlobalSection
EndGlobal
